// !$*UTF8*$!
{
	archiveVersion = 1;
	classes = {
	};
	objectVersion = 51;
	objects = {

/* Begin PBXBuildFile section */
		0210335C2757EB440013897B /* FriendsOperations.swift in Sources */ = {isa = PBXBuildFile; fileRef = 0210335B2757EB440013897B /* FriendsOperations.swift */; };
		02496D14266D40A1001E225B /* AppDelegate.swift in Sources */ = {isa = PBXBuildFile; fileRef = 02496D13266D40A1001E225B /* AppDelegate.swift */; };
		02496D16266D40A1001E225B /* SceneDelegate.swift in Sources */ = {isa = PBXBuildFile; fileRef = 02496D15266D40A1001E225B /* SceneDelegate.swift */; };
		02496D18266D40A1001E225B /* AuthViewController.swift in Sources */ = {isa = PBXBuildFile; fileRef = 02496D17266D40A1001E225B /* AuthViewController.swift */; };
		02496D1B266D40A1001E225B /* Main.storyboard in Resources */ = {isa = PBXBuildFile; fileRef = 02496D19266D40A1001E225B /* Main.storyboard */; };
		02496D1D266D40A2001E225B /* Assets.xcassets in Resources */ = {isa = PBXBuildFile; fileRef = 02496D1C266D40A2001E225B /* Assets.xcassets */; };
		02496D20266D40A2001E225B /* LaunchScreen.storyboard in Resources */ = {isa = PBXBuildFile; fileRef = 02496D1E266D40A2001E225B /* LaunchScreen.storyboard */; };
		02496D2B266D40A2001E225B /* VK_ClientTests.swift in Sources */ = {isa = PBXBuildFile; fileRef = 02496D2A266D40A2001E225B /* VK_ClientTests.swift */; };
		02496D36266D40A2001E225B /* VK_ClientUITests.swift in Sources */ = {isa = PBXBuildFile; fileRef = 02496D35266D40A2001E225B /* VK_ClientUITests.swift */; };
		02496D47266D4660001E225B /* FriendsViewController.swift in Sources */ = {isa = PBXBuildFile; fileRef = 02496D46266D4660001E225B /* FriendsViewController.swift */; };
		02496D4C266D55D3001E225B /* Session.swift in Sources */ = {isa = PBXBuildFile; fileRef = 02496D4B266D55D3001E225B /* Session.swift */; };
		02496D4E266D5B46001E225B /* APIServices.swift in Sources */ = {isa = PBXBuildFile; fileRef = 02496D4D266D5B46001E225B /* APIServices.swift */; };
		02496D50266D5C56001E225B /* Data+PrettyJSON.swift in Sources */ = {isa = PBXBuildFile; fileRef = 02496D4F266D5C56001E225B /* Data+PrettyJSON.swift */; };
		02496D53266D61C2001E225B /* Friends.swift in Sources */ = {isa = PBXBuildFile; fileRef = 02496D52266D61C2001E225B /* Friends.swift */; };
		02496D56266F585E001E225B /* Groups.swift in Sources */ = {isa = PBXBuildFile; fileRef = 02496D55266F585E001E225B /* Groups.swift */; };
		02496D58266F632F001E225B /* GroupsViewController.swift in Sources */ = {isa = PBXBuildFile; fileRef = 02496D57266F632F001E225B /* GroupsViewController.swift */; };
		02496D5D2670A9AA001E225B /* UserPhoto.swift in Sources */ = {isa = PBXBuildFile; fileRef = 02496D5C2670A9AA001E225B /* UserPhoto.swift */; };
		02496D652670FE67001E225B /* UserPhotosCollectionViewController.swift in Sources */ = {isa = PBXBuildFile; fileRef = 02496D632670FE67001E225B /* UserPhotosCollectionViewController.swift */; };
		02496D692671F9E1001E225B /* CustomPhotoCollectionViewCell.swift in Sources */ = {isa = PBXBuildFile; fileRef = 02496D672671F9E1001E225B /* CustomPhotoCollectionViewCell.swift */; };
		02496D6A2671F9E1001E225B /* CustomPhotoCollectionViewCell.xib in Resources */ = {isa = PBXBuildFile; fileRef = 02496D682671F9E1001E225B /* CustomPhotoCollectionViewCell.xib */; };
		025297AB274979850047588F /* SeparatorTableViewCell.swift in Sources */ = {isa = PBXBuildFile; fileRef = 025297A9274979850047588F /* SeparatorTableViewCell.swift */; };
		025297AC274979850047588F /* SeparatorTableViewCell.xib in Resources */ = {isa = PBXBuildFile; fileRef = 025297AA274979850047588F /* SeparatorTableViewCell.xib */; };
		026A0FE62688AFA9009C0E94 /* GoogleService-Info.plist in Resources */ = {isa = PBXBuildFile; fileRef = 026A0FE52688AFA9009C0E94 /* GoogleService-Info.plist */; };
		0275F4A2267E738C003EE464 /* DataBaseService.swift in Sources */ = {isa = PBXBuildFile; fileRef = 0275F4A1267E738C003EE464 /* DataBaseService.swift */; };
		02B9554326988A6200DABB64 /* NewsTableViewController.swift in Sources */ = {isa = PBXBuildFile; fileRef = 02B9554226988A6200DABB64 /* NewsTableViewController.swift */; };
		02B9554726988BCE00DABB64 /* SourceTableViewCell.swift in Sources */ = {isa = PBXBuildFile; fileRef = 02B9554526988BCE00DABB64 /* SourceTableViewCell.swift */; };
		02B9554826988BCE00DABB64 /* SourceTableViewCell.xib in Resources */ = {isa = PBXBuildFile; fileRef = 02B9554626988BCE00DABB64 /* SourceTableViewCell.xib */; };
		02B9554C26988BFF00DABB64 /* TextTableViewCell.swift in Sources */ = {isa = PBXBuildFile; fileRef = 02B9554A26988BFF00DABB64 /* TextTableViewCell.swift */; };
		02B9554D26988BFF00DABB64 /* TextTableViewCell.xib in Resources */ = {isa = PBXBuildFile; fileRef = 02B9554B26988BFF00DABB64 /* TextTableViewCell.xib */; };
		02B9555026988C2400DABB64 /* UtilityTableViewCell.swift in Sources */ = {isa = PBXBuildFile; fileRef = 02B9554E26988C2400DABB64 /* UtilityTableViewCell.swift */; };
		02B9555126988C2400DABB64 /* UtilityTableViewCell.xib in Resources */ = {isa = PBXBuildFile; fileRef = 02B9554F26988C2400DABB64 /* UtilityTableViewCell.xib */; };
		02B9555426988C3C00DABB64 /* ImageTableViewCell.swift in Sources */ = {isa = PBXBuildFile; fileRef = 02B9555226988C3C00DABB64 /* ImageTableViewCell.swift */; };
		02B9555526988C3C00DABB64 /* ImageTableViewCell.xib in Resources */ = {isa = PBXBuildFile; fileRef = 02B9555326988C3C00DABB64 /* ImageTableViewCell.xib */; };
		02B9555D26A4A55E00DABB64 /* NewsModell.swift in Sources */ = {isa = PBXBuildFile; fileRef = 02B9555C26A4A55E00DABB64 /* NewsModell.swift */; };
		02D2428F26B7263F00EB65F1 /* NetworkOperations.swift in Sources */ = {isa = PBXBuildFile; fileRef = 02D2428E26B7263F00EB65F1 /* NetworkOperations.swift */; };
		02D60503268BB14200DC3C3D /* FBGroupsModel.swift in Sources */ = {isa = PBXBuildFile; fileRef = 02D60502268BB14200DC3C3D /* FBGroupsModel.swift */; };
		02D60505268BB1BA00DC3C3D /* FBUserModel.swift in Sources */ = {isa = PBXBuildFile; fileRef = 02D60504268BB1BA00DC3C3D /* FBUserModel.swift */; };
		55A30ECEA0EE95EA69B1F8D2 /* Pods_VK_Client.framework in Frameworks */ = {isa = PBXBuildFile; fileRef = 6FAD549D7471B307E75DB174 /* Pods_VK_Client.framework */; };
		8AABA3FB0CB1299F175B24B6 /* Pods_VK_Client_VK_ClientUITests.framework in Frameworks */ = {isa = PBXBuildFile; fileRef = DC38CD92C5076CA66544B99E /* Pods_VK_Client_VK_ClientUITests.framework */; };
		E47EB79EEB5E1ADEE403CF5E /* Pods_VK_ClientTests.framework in Frameworks */ = {isa = PBXBuildFile; fileRef = 928B8571B23C2A77595E665F /* Pods_VK_ClientTests.framework */; };
/* End PBXBuildFile section */

/* Begin PBXContainerItemProxy section */
		02496D27266D40A2001E225B /* PBXContainerItemProxy */ = {
			isa = PBXContainerItemProxy;
			containerPortal = 02496D08266D40A1001E225B /* Project object */;
			proxyType = 1;
			remoteGlobalIDString = 02496D0F266D40A1001E225B;
			remoteInfo = "VK Client";
		};
		02496D32266D40A2001E225B /* PBXContainerItemProxy */ = {
			isa = PBXContainerItemProxy;
			containerPortal = 02496D08266D40A1001E225B /* Project object */;
			proxyType = 1;
			remoteGlobalIDString = 02496D0F266D40A1001E225B;
			remoteInfo = "VK Client";
		};
/* End PBXContainerItemProxy section */

/* Begin PBXFileReference section */
		0210335B2757EB440013897B /* FriendsOperations.swift */ = {isa = PBXFileReference; lastKnownFileType = sourcecode.swift; path = FriendsOperations.swift; sourceTree = "<group>"; };
		02496D10266D40A1001E225B /* VK Client.app */ = {isa = PBXFileReference; explicitFileType = wrapper.application; includeInIndex = 0; path = "VK Client.app"; sourceTree = BUILT_PRODUCTS_DIR; };
		02496D13266D40A1001E225B /* AppDelegate.swift */ = {isa = PBXFileReference; lastKnownFileType = sourcecode.swift; path = AppDelegate.swift; sourceTree = "<group>"; };
		02496D15266D40A1001E225B /* SceneDelegate.swift */ = {isa = PBXFileReference; lastKnownFileType = sourcecode.swift; path = SceneDelegate.swift; sourceTree = "<group>"; };
		02496D17266D40A1001E225B /* AuthViewController.swift */ = {isa = PBXFileReference; lastKnownFileType = sourcecode.swift; path = AuthViewController.swift; sourceTree = "<group>"; };
		02496D1A266D40A1001E225B /* Base */ = {isa = PBXFileReference; lastKnownFileType = file.storyboard; name = Base; path = Base.lproj/Main.storyboard; sourceTree = "<group>"; };
		02496D1C266D40A2001E225B /* Assets.xcassets */ = {isa = PBXFileReference; lastKnownFileType = folder.assetcatalog; path = Assets.xcassets; sourceTree = "<group>"; };
		02496D1F266D40A2001E225B /* Base */ = {isa = PBXFileReference; lastKnownFileType = file.storyboard; name = Base; path = Base.lproj/LaunchScreen.storyboard; sourceTree = "<group>"; };
		02496D21266D40A2001E225B /* Info.plist */ = {isa = PBXFileReference; lastKnownFileType = text.plist.xml; path = Info.plist; sourceTree = "<group>"; };
		02496D26266D40A2001E225B /* VK ClientTests.xctest */ = {isa = PBXFileReference; explicitFileType = wrapper.cfbundle; includeInIndex = 0; path = "VK ClientTests.xctest"; sourceTree = BUILT_PRODUCTS_DIR; };
		02496D2A266D40A2001E225B /* VK_ClientTests.swift */ = {isa = PBXFileReference; lastKnownFileType = sourcecode.swift; path = VK_ClientTests.swift; sourceTree = "<group>"; };
		02496D2C266D40A2001E225B /* Info.plist */ = {isa = PBXFileReference; lastKnownFileType = text.plist.xml; path = Info.plist; sourceTree = "<group>"; };
		02496D31266D40A2001E225B /* VK ClientUITests.xctest */ = {isa = PBXFileReference; explicitFileType = wrapper.cfbundle; includeInIndex = 0; path = "VK ClientUITests.xctest"; sourceTree = BUILT_PRODUCTS_DIR; };
		02496D35266D40A2001E225B /* VK_ClientUITests.swift */ = {isa = PBXFileReference; lastKnownFileType = sourcecode.swift; path = VK_ClientUITests.swift; sourceTree = "<group>"; };
		02496D37266D40A2001E225B /* Info.plist */ = {isa = PBXFileReference; lastKnownFileType = text.plist.xml; path = Info.plist; sourceTree = "<group>"; };
		02496D46266D4660001E225B /* FriendsViewController.swift */ = {isa = PBXFileReference; lastKnownFileType = sourcecode.swift; path = FriendsViewController.swift; sourceTree = "<group>"; };
		02496D4B266D55D3001E225B /* Session.swift */ = {isa = PBXFileReference; lastKnownFileType = sourcecode.swift; path = Session.swift; sourceTree = "<group>"; };
		02496D4D266D5B46001E225B /* APIServices.swift */ = {isa = PBXFileReference; lastKnownFileType = sourcecode.swift; path = APIServices.swift; sourceTree = "<group>"; };
		02496D4F266D5C56001E225B /* Data+PrettyJSON.swift */ = {isa = PBXFileReference; lastKnownFileType = sourcecode.swift; path = "Data+PrettyJSON.swift"; sourceTree = "<group>"; };
		02496D52266D61C2001E225B /* Friends.swift */ = {isa = PBXFileReference; lastKnownFileType = sourcecode.swift; path = Friends.swift; sourceTree = "<group>"; };
		02496D55266F585E001E225B /* Groups.swift */ = {isa = PBXFileReference; lastKnownFileType = sourcecode.swift; path = Groups.swift; sourceTree = "<group>"; };
		02496D57266F632F001E225B /* GroupsViewController.swift */ = {isa = PBXFileReference; lastKnownFileType = sourcecode.swift; path = GroupsViewController.swift; sourceTree = "<group>"; };
		02496D5C2670A9AA001E225B /* UserPhoto.swift */ = {isa = PBXFileReference; lastKnownFileType = sourcecode.swift; path = UserPhoto.swift; sourceTree = "<group>"; };
		02496D632670FE67001E225B /* UserPhotosCollectionViewController.swift */ = {isa = PBXFileReference; lastKnownFileType = sourcecode.swift; path = UserPhotosCollectionViewController.swift; sourceTree = "<group>"; };
		02496D672671F9E1001E225B /* CustomPhotoCollectionViewCell.swift */ = {isa = PBXFileReference; lastKnownFileType = sourcecode.swift; path = CustomPhotoCollectionViewCell.swift; sourceTree = "<group>"; };
		02496D682671F9E1001E225B /* CustomPhotoCollectionViewCell.xib */ = {isa = PBXFileReference; lastKnownFileType = file.xib; path = CustomPhotoCollectionViewCell.xib; sourceTree = "<group>"; };
		025297A9274979850047588F /* SeparatorTableViewCell.swift */ = {isa = PBXFileReference; lastKnownFileType = sourcecode.swift; path = SeparatorTableViewCell.swift; sourceTree = "<group>"; };
		025297AA274979850047588F /* SeparatorTableViewCell.xib */ = {isa = PBXFileReference; lastKnownFileType = file.xib; path = SeparatorTableViewCell.xib; sourceTree = "<group>"; };
		026A0FE52688AFA9009C0E94 /* GoogleService-Info.plist */ = {isa = PBXFileReference; fileEncoding = 4; lastKnownFileType = text.plist.xml; name = "GoogleService-Info.plist"; path = "../../../../Downloads/GoogleService-Info.plist"; sourceTree = "<group>"; };
		0275F4A1267E738C003EE464 /* DataBaseService.swift */ = {isa = PBXFileReference; lastKnownFileType = sourcecode.swift; path = DataBaseService.swift; sourceTree = "<group>"; };
		02B9554226988A6200DABB64 /* NewsTableViewController.swift */ = {isa = PBXFileReference; lastKnownFileType = sourcecode.swift; path = NewsTableViewController.swift; sourceTree = "<group>"; };
		02B9554526988BCE00DABB64 /* SourceTableViewCell.swift */ = {isa = PBXFileReference; lastKnownFileType = sourcecode.swift; path = SourceTableViewCell.swift; sourceTree = "<group>"; };
		02B9554626988BCE00DABB64 /* SourceTableViewCell.xib */ = {isa = PBXFileReference; lastKnownFileType = file.xib; path = SourceTableViewCell.xib; sourceTree = "<group>"; };
		02B9554A26988BFF00DABB64 /* TextTableViewCell.swift */ = {isa = PBXFileReference; lastKnownFileType = sourcecode.swift; path = TextTableViewCell.swift; sourceTree = "<group>"; };
		02B9554B26988BFF00DABB64 /* TextTableViewCell.xib */ = {isa = PBXFileReference; lastKnownFileType = file.xib; path = TextTableViewCell.xib; sourceTree = "<group>"; };
		02B9554E26988C2400DABB64 /* UtilityTableViewCell.swift */ = {isa = PBXFileReference; lastKnownFileType = sourcecode.swift; path = UtilityTableViewCell.swift; sourceTree = "<group>"; };
		02B9554F26988C2400DABB64 /* UtilityTableViewCell.xib */ = {isa = PBXFileReference; lastKnownFileType = file.xib; path = UtilityTableViewCell.xib; sourceTree = "<group>"; };
		02B9555226988C3C00DABB64 /* ImageTableViewCell.swift */ = {isa = PBXFileReference; lastKnownFileType = sourcecode.swift; path = ImageTableViewCell.swift; sourceTree = "<group>"; };
		02B9555326988C3C00DABB64 /* ImageTableViewCell.xib */ = {isa = PBXFileReference; lastKnownFileType = file.xib; path = ImageTableViewCell.xib; sourceTree = "<group>"; };
		02B9555C26A4A55E00DABB64 /* NewsModell.swift */ = {isa = PBXFileReference; lastKnownFileType = sourcecode.swift; path = NewsModell.swift; sourceTree = "<group>"; };
		02D2428E26B7263F00EB65F1 /* NetworkOperations.swift */ = {isa = PBXFileReference; lastKnownFileType = sourcecode.swift; path = NetworkOperations.swift; sourceTree = "<group>"; };
		02D60502268BB14200DC3C3D /* FBGroupsModel.swift */ = {isa = PBXFileReference; lastKnownFileType = sourcecode.swift; path = FBGroupsModel.swift; sourceTree = "<group>"; };
		02D60504268BB1BA00DC3C3D /* FBUserModel.swift */ = {isa = PBXFileReference; lastKnownFileType = sourcecode.swift; path = FBUserModel.swift; sourceTree = "<group>"; };
		08EC1D213F6E6DA0976343E4 /* Pods-VK ClientTests.release.xcconfig */ = {isa = PBXFileReference; includeInIndex = 1; lastKnownFileType = text.xcconfig; name = "Pods-VK ClientTests.release.xcconfig"; path = "Target Support Files/Pods-VK ClientTests/Pods-VK ClientTests.release.xcconfig"; sourceTree = "<group>"; };
		5B8605BCCEADAB313D4321F3 /* Pods-VK Client.debug.xcconfig */ = {isa = PBXFileReference; includeInIndex = 1; lastKnownFileType = text.xcconfig; name = "Pods-VK Client.debug.xcconfig"; path = "Target Support Files/Pods-VK Client/Pods-VK Client.debug.xcconfig"; sourceTree = "<group>"; };
		6EE16E47528BB183E94150F9 /* Pods-VK Client-VK ClientUITests.release.xcconfig */ = {isa = PBXFileReference; includeInIndex = 1; lastKnownFileType = text.xcconfig; name = "Pods-VK Client-VK ClientUITests.release.xcconfig"; path = "Target Support Files/Pods-VK Client-VK ClientUITests/Pods-VK Client-VK ClientUITests.release.xcconfig"; sourceTree = "<group>"; };
		6FAD549D7471B307E75DB174 /* Pods_VK_Client.framework */ = {isa = PBXFileReference; explicitFileType = wrapper.framework; includeInIndex = 0; path = Pods_VK_Client.framework; sourceTree = BUILT_PRODUCTS_DIR; };
		928B8571B23C2A77595E665F /* Pods_VK_ClientTests.framework */ = {isa = PBXFileReference; explicitFileType = wrapper.framework; includeInIndex = 0; path = Pods_VK_ClientTests.framework; sourceTree = BUILT_PRODUCTS_DIR; };
		AA4B3F73A1EE5485A41E3C97 /* Pods-VK Client-VK ClientUITests.debug.xcconfig */ = {isa = PBXFileReference; includeInIndex = 1; lastKnownFileType = text.xcconfig; name = "Pods-VK Client-VK ClientUITests.debug.xcconfig"; path = "Target Support Files/Pods-VK Client-VK ClientUITests/Pods-VK Client-VK ClientUITests.debug.xcconfig"; sourceTree = "<group>"; };
		CC8A7E47D544E7B871BE284B /* Pods-VK ClientTests.debug.xcconfig */ = {isa = PBXFileReference; includeInIndex = 1; lastKnownFileType = text.xcconfig; name = "Pods-VK ClientTests.debug.xcconfig"; path = "Target Support Files/Pods-VK ClientTests/Pods-VK ClientTests.debug.xcconfig"; sourceTree = "<group>"; };
		DC38CD92C5076CA66544B99E /* Pods_VK_Client_VK_ClientUITests.framework */ = {isa = PBXFileReference; explicitFileType = wrapper.framework; includeInIndex = 0; path = Pods_VK_Client_VK_ClientUITests.framework; sourceTree = BUILT_PRODUCTS_DIR; };
		E6DBA0BBC696BB21F6BB385D /* Pods-VK Client.release.xcconfig */ = {isa = PBXFileReference; includeInIndex = 1; lastKnownFileType = text.xcconfig; name = "Pods-VK Client.release.xcconfig"; path = "Target Support Files/Pods-VK Client/Pods-VK Client.release.xcconfig"; sourceTree = "<group>"; };
/* End PBXFileReference section */

/* Begin PBXFrameworksBuildPhase section */
		02496D0D266D40A1001E225B /* Frameworks */ = {
			isa = PBXFrameworksBuildPhase;
			buildActionMask = 2147483647;
			files = (
				55A30ECEA0EE95EA69B1F8D2 /* Pods_VK_Client.framework in Frameworks */,
			);
			runOnlyForDeploymentPostprocessing = 0;
		};
		02496D23266D40A2001E225B /* Frameworks */ = {
			isa = PBXFrameworksBuildPhase;
			buildActionMask = 2147483647;
			files = (
				E47EB79EEB5E1ADEE403CF5E /* Pods_VK_ClientTests.framework in Frameworks */,
			);
			runOnlyForDeploymentPostprocessing = 0;
		};
		02496D2E266D40A2001E225B /* Frameworks */ = {
			isa = PBXFrameworksBuildPhase;
			buildActionMask = 2147483647;
			files = (
				8AABA3FB0CB1299F175B24B6 /* Pods_VK_Client_VK_ClientUITests.framework in Frameworks */,
			);
			runOnlyForDeploymentPostprocessing = 0;
		};
/* End PBXFrameworksBuildPhase section */

/* Begin PBXGroup section */
		02496D07266D40A1001E225B = {
			isa = PBXGroup;
			children = (
				02496D12266D40A1001E225B /* VK Client */,
				02496D29266D40A2001E225B /* VK ClientTests */,
				02496D34266D40A2001E225B /* VK ClientUITests */,
				02496D11266D40A1001E225B /* Products */,
				4AEB148B984AB4F0DD15C79D /* Pods */,
				3F176671894639F042797CD3 /* Frameworks */,
			);
			sourceTree = "<group>";
		};
		02496D11266D40A1001E225B /* Products */ = {
			isa = PBXGroup;
			children = (
				02496D10266D40A1001E225B /* VK Client.app */,
				02496D26266D40A2001E225B /* VK ClientTests.xctest */,
				02496D31266D40A2001E225B /* VK ClientUITests.xctest */,
			);
			name = Products;
			sourceTree = "<group>";
		};
		02496D12266D40A1001E225B /* VK Client */ = {
			isa = PBXGroup;
			children = (
				02496D44266D43E7001E225B /* App */,
				02496D4A266D55B4001E225B /* Services */,
				02496D45266D4626001E225B /* Modules */,
				02496D43266D43D7001E225B /* Recources */,
				02496D51266D5C99001E225B /* Extensions */,
			);
			path = "VK Client";
			sourceTree = "<group>";
		};
		02496D29266D40A2001E225B /* VK ClientTests */ = {
			isa = PBXGroup;
			children = (
				02496D2A266D40A2001E225B /* VK_ClientTests.swift */,
				02496D2C266D40A2001E225B /* Info.plist */,
			);
			path = "VK ClientTests";
			sourceTree = "<group>";
		};
		02496D34266D40A2001E225B /* VK ClientUITests */ = {
			isa = PBXGroup;
			children = (
				02496D35266D40A2001E225B /* VK_ClientUITests.swift */,
				02496D37266D40A2001E225B /* Info.plist */,
			);
			path = "VK ClientUITests";
			sourceTree = "<group>";
		};
		02496D43266D43D7001E225B /* Recources */ = {
			isa = PBXGroup;
			children = (
				02496D19266D40A1001E225B /* Main.storyboard */,
				02496D1C266D40A2001E225B /* Assets.xcassets */,
				02496D1E266D40A2001E225B /* LaunchScreen.storyboard */,
				026A0FE52688AFA9009C0E94 /* GoogleService-Info.plist */,
				02496D21266D40A2001E225B /* Info.plist */,
			);
			path = Recources;
			sourceTree = "<group>";
		};
		02496D44266D43E7001E225B /* App */ = {
			isa = PBXGroup;
			children = (
				02496D13266D40A1001E225B /* AppDelegate.swift */,
				02496D15266D40A1001E225B /* SceneDelegate.swift */,
			);
			path = App;
			sourceTree = "<group>";
		};
		02496D45266D4626001E225B /* Modules */ = {
			isa = PBXGroup;
			children = (
				02D604FF268BAE3300DC3C3D /* Models */,
				02D60500268BAE5D00DC3C3D /* ViewControllers */,
			);
			path = Modules;
			sourceTree = "<group>";
		};
		02496D4A266D55B4001E225B /* Services */ = {
			isa = PBXGroup;
			children = (
				02496D4B266D55D3001E225B /* Session.swift */,
				02496D4D266D5B46001E225B /* APIServices.swift */,
				0275F4A1267E738C003EE464 /* DataBaseService.swift */,
				02D2428E26B7263F00EB65F1 /* NetworkOperations.swift */,
			);
			path = Services;
			sourceTree = "<group>";
		};
		02496D51266D5C99001E225B /* Extensions */ = {
			isa = PBXGroup;
			children = (
				02496D4F266D5C56001E225B /* Data+PrettyJSON.swift */,
			);
			path = Extensions;
			sourceTree = "<group>";
		};
		02496D54266F5845001E225B /* MyGroups */ = {
			isa = PBXGroup;
			children = (
				02496D57266F632F001E225B /* GroupsViewController.swift */,
			);
			path = MyGroups;
			sourceTree = "<group>";
		};
		02496D59266FA282001E225B /* UsersPhoto */ = {
			isa = PBXGroup;
			children = (
				02496D632670FE67001E225B /* UserPhotosCollectionViewController.swift */,
				02496D672671F9E1001E225B /* CustomPhotoCollectionViewCell.swift */,
				02496D682671F9E1001E225B /* CustomPhotoCollectionViewCell.xib */,
			);
			path = UsersPhoto;
			sourceTree = "<group>";
		};
		02496D712672AA5C001E225B /* MyFriends */ = {
			isa = PBXGroup;
			children = (
				02496D46266D4660001E225B /* FriendsViewController.swift */,
				0210335B2757EB440013897B /* FriendsOperations.swift */,
			);
			path = MyFriends;
			sourceTree = "<group>";
		};
		02B955372698700700DABB64 /* News */ = {
			isa = PBXGroup;
			children = (
				02B9554226988A6200DABB64 /* NewsTableViewController.swift */,
				02B9554426988B9C00DABB64 /* Cells */,
			);
			path = News;
			sourceTree = "<group>";
		};
		02B9554426988B9C00DABB64 /* Cells */ = {
			isa = PBXGroup;
			children = (
				02B9554526988BCE00DABB64 /* SourceTableViewCell.swift */,
				02B9554626988BCE00DABB64 /* SourceTableViewCell.xib */,
				02B9554A26988BFF00DABB64 /* TextTableViewCell.swift */,
				02B9554B26988BFF00DABB64 /* TextTableViewCell.xib */,
				02B9554E26988C2400DABB64 /* UtilityTableViewCell.swift */,
				02B9554F26988C2400DABB64 /* UtilityTableViewCell.xib */,
				02B9555226988C3C00DABB64 /* ImageTableViewCell.swift */,
				02B9555326988C3C00DABB64 /* ImageTableViewCell.xib */,
				025297A9274979850047588F /* SeparatorTableViewCell.swift */,
				025297AA274979850047588F /* SeparatorTableViewCell.xib */,
			);
			path = Cells;
			sourceTree = "<group>";
		};
		02D604FE268BADD800DC3C3D /* RealmModels */ = {
			isa = PBXGroup;
			children = (
				02496D52266D61C2001E225B /* Friends.swift */,
				02496D5C2670A9AA001E225B /* UserPhoto.swift */,
				02496D55266F585E001E225B /* Groups.swift */,
				02B9555C26A4A55E00DABB64 /* NewsModell.swift */,
			);
			path = RealmModels;
			sourceTree = "<group>";
		};
		02D604FF268BAE3300DC3C3D /* Models */ = {
			isa = PBXGroup;
			children = (
				02D60501268BAF9200DC3C3D /* FBModels */,
				02D604FE268BADD800DC3C3D /* RealmModels */,
			);
			path = Models;
			sourceTree = "<group>";
		};
		02D60500268BAE5D00DC3C3D /* ViewControllers */ = {
			isa = PBXGroup;
			children = (
				02496D17266D40A1001E225B /* AuthViewController.swift */,
				02B955372698700700DABB64 /* News */,
				02496D54266F5845001E225B /* MyGroups */,
				02496D59266FA282001E225B /* UsersPhoto */,
				02496D712672AA5C001E225B /* MyFriends */,
			);
			path = ViewControllers;
			sourceTree = "<group>";
		};
		02D60501268BAF9200DC3C3D /* FBModels */ = {
			isa = PBXGroup;
			children = (
				02D60502268BB14200DC3C3D /* FBGroupsModel.swift */,
				02D60504268BB1BA00DC3C3D /* FBUserModel.swift */,
			);
			path = FBModels;
			sourceTree = "<group>";
		};
		3F176671894639F042797CD3 /* Frameworks */ = {
			isa = PBXGroup;
			children = (
				6FAD549D7471B307E75DB174 /* Pods_VK_Client.framework */,
				DC38CD92C5076CA66544B99E /* Pods_VK_Client_VK_ClientUITests.framework */,
				928B8571B23C2A77595E665F /* Pods_VK_ClientTests.framework */,
			);
			name = Frameworks;
			sourceTree = "<group>";
		};
		4AEB148B984AB4F0DD15C79D /* Pods */ = {
			isa = PBXGroup;
			children = (
				5B8605BCCEADAB313D4321F3 /* Pods-VK Client.debug.xcconfig */,
				E6DBA0BBC696BB21F6BB385D /* Pods-VK Client.release.xcconfig */,
				AA4B3F73A1EE5485A41E3C97 /* Pods-VK Client-VK ClientUITests.debug.xcconfig */,
				6EE16E47528BB183E94150F9 /* Pods-VK Client-VK ClientUITests.release.xcconfig */,
				CC8A7E47D544E7B871BE284B /* Pods-VK ClientTests.debug.xcconfig */,
				08EC1D213F6E6DA0976343E4 /* Pods-VK ClientTests.release.xcconfig */,
			);
			path = Pods;
			sourceTree = "<group>";
		};
/* End PBXGroup section */

/* Begin PBXNativeTarget section */
		02496D0F266D40A1001E225B /* VK Client */ = {
			isa = PBXNativeTarget;
			buildConfigurationList = 02496D3A266D40A2001E225B /* Build configuration list for PBXNativeTarget "VK Client" */;
			buildPhases = (
				948289B29350BA65C4720B9B /* [CP] Check Pods Manifest.lock */,
				02496D0C266D40A1001E225B /* Sources */,
				02496D0D266D40A1001E225B /* Frameworks */,
				02496D0E266D40A1001E225B /* Resources */,
				CC2BF62E49CC8E78A8C5CBAE /* [CP] Embed Pods Frameworks */,
			);
			buildRules = (
			);
			dependencies = (
			);
			name = "VK Client";
			packageProductDependencies = (
			);
			productName = "VK Client";
			productReference = 02496D10266D40A1001E225B /* VK Client.app */;
			productType = "com.apple.product-type.application";
		};
		02496D25266D40A2001E225B /* VK ClientTests */ = {
			isa = PBXNativeTarget;
			buildConfigurationList = 02496D3D266D40A2001E225B /* Build configuration list for PBXNativeTarget "VK ClientTests" */;
			buildPhases = (
				93B8247B6D89BB1E581DC1ED /* [CP] Check Pods Manifest.lock */,
				02496D22266D40A2001E225B /* Sources */,
				02496D23266D40A2001E225B /* Frameworks */,
				02496D24266D40A2001E225B /* Resources */,
			);
			buildRules = (
			);
			dependencies = (
				02496D28266D40A2001E225B /* PBXTargetDependency */,
			);
			name = "VK ClientTests";
			productName = "VK ClientTests";
			productReference = 02496D26266D40A2001E225B /* VK ClientTests.xctest */;
			productType = "com.apple.product-type.bundle.unit-test";
		};
		02496D30266D40A2001E225B /* VK ClientUITests */ = {
			isa = PBXNativeTarget;
			buildConfigurationList = 02496D40266D40A2001E225B /* Build configuration list for PBXNativeTarget "VK ClientUITests" */;
			buildPhases = (
				A4DB1AE715E71EEC9D7792D3 /* [CP] Check Pods Manifest.lock */,
				02496D2D266D40A2001E225B /* Sources */,
				02496D2E266D40A2001E225B /* Frameworks */,
				02496D2F266D40A2001E225B /* Resources */,
				E83F3A5E3EE768F9A4F66D81 /* [CP] Embed Pods Frameworks */,
			);
			buildRules = (
			);
			dependencies = (
				02496D33266D40A2001E225B /* PBXTargetDependency */,
			);
			name = "VK ClientUITests";
			productName = "VK ClientUITests";
			productReference = 02496D31266D40A2001E225B /* VK ClientUITests.xctest */;
			productType = "com.apple.product-type.bundle.ui-testing";
		};
/* End PBXNativeTarget section */

/* Begin PBXProject section */
		02496D08266D40A1001E225B /* Project object */ = {
			isa = PBXProject;
			attributes = {
				LastSwiftUpdateCheck = 1250;
				LastUpgradeCheck = 1250;
				TargetAttributes = {
					02496D0F266D40A1001E225B = {
						CreatedOnToolsVersion = 12.5;
					};
					02496D25266D40A2001E225B = {
						CreatedOnToolsVersion = 12.5;
						TestTargetID = 02496D0F266D40A1001E225B;
					};
					02496D30266D40A2001E225B = {
						CreatedOnToolsVersion = 12.5;
						TestTargetID = 02496D0F266D40A1001E225B;
					};
				};
			};
			buildConfigurationList = 02496D0B266D40A1001E225B /* Build configuration list for PBXProject "VK Client" */;
			compatibilityVersion = "Xcode 9.3";
			developmentRegion = en;
			hasScannedForEncodings = 0;
			knownRegions = (
				en,
				Base,
			);
			mainGroup = 02496D07266D40A1001E225B;
			packageReferences = (
			);
			productRefGroup = 02496D11266D40A1001E225B /* Products */;
			projectDirPath = "";
			projectRoot = "";
			targets = (
				02496D0F266D40A1001E225B /* VK Client */,
				02496D25266D40A2001E225B /* VK ClientTests */,
				02496D30266D40A2001E225B /* VK ClientUITests */,
			);
		};
/* End PBXProject section */

/* Begin PBXResourcesBuildPhase section */
		02496D0E266D40A1001E225B /* Resources */ = {
			isa = PBXResourcesBuildPhase;
			buildActionMask = 2147483647;
			files = (
				02B9555526988C3C00DABB64 /* ImageTableViewCell.xib in Resources */,
				02B9555126988C2400DABB64 /* UtilityTableViewCell.xib in Resources */,
				02496D20266D40A2001E225B /* LaunchScreen.storyboard in Resources */,
				02496D1D266D40A2001E225B /* Assets.xcassets in Resources */,
				02B9554D26988BFF00DABB64 /* TextTableViewCell.xib in Resources */,
				026A0FE62688AFA9009C0E94 /* GoogleService-Info.plist in Resources */,
				02496D6A2671F9E1001E225B /* CustomPhotoCollectionViewCell.xib in Resources */,
				02B9554826988BCE00DABB64 /* SourceTableViewCell.xib in Resources */,
				02496D1B266D40A1001E225B /* Main.storyboard in Resources */,
				025297AC274979850047588F /* SeparatorTableViewCell.xib in Resources */,
			);
			runOnlyForDeploymentPostprocessing = 0;
		};
		02496D24266D40A2001E225B /* Resources */ = {
			isa = PBXResourcesBuildPhase;
			buildActionMask = 2147483647;
			files = (
			);
			runOnlyForDeploymentPostprocessing = 0;
		};
		02496D2F266D40A2001E225B /* Resources */ = {
			isa = PBXResourcesBuildPhase;
			buildActionMask = 2147483647;
			files = (
			);
			runOnlyForDeploymentPostprocessing = 0;
		};
/* End PBXResourcesBuildPhase section */

/* Begin PBXShellScriptBuildPhase section */
		93B8247B6D89BB1E581DC1ED /* [CP] Check Pods Manifest.lock */ = {
			isa = PBXShellScriptBuildPhase;
			buildActionMask = 2147483647;
			files = (
			);
			inputFileListPaths = (
			);
			inputPaths = (
				"${PODS_PODFILE_DIR_PATH}/Podfile.lock",
				"${PODS_ROOT}/Manifest.lock",
			);
			name = "[CP] Check Pods Manifest.lock";
			outputFileListPaths = (
			);
			outputPaths = (
				"$(DERIVED_FILE_DIR)/Pods-VK ClientTests-checkManifestLockResult.txt",
			);
			runOnlyForDeploymentPostprocessing = 0;
			shellPath = /bin/sh;
			shellScript = "diff \"${PODS_PODFILE_DIR_PATH}/Podfile.lock\" \"${PODS_ROOT}/Manifest.lock\" > /dev/null\nif [ $? != 0 ] ; then\n    # print error to STDERR\n    echo \"error: The sandbox is not in sync with the Podfile.lock. Run 'pod install' or update your CocoaPods installation.\" >&2\n    exit 1\nfi\n# This output is used by Xcode 'outputs' to avoid re-running this script phase.\necho \"SUCCESS\" > \"${SCRIPT_OUTPUT_FILE_0}\"\n";
			showEnvVarsInLog = 0;
		};
		948289B29350BA65C4720B9B /* [CP] Check Pods Manifest.lock */ = {
			isa = PBXShellScriptBuildPhase;
			buildActionMask = 2147483647;
			files = (
			);
			inputFileListPaths = (
			);
			inputPaths = (
				"${PODS_PODFILE_DIR_PATH}/Podfile.lock",
				"${PODS_ROOT}/Manifest.lock",
			);
			name = "[CP] Check Pods Manifest.lock";
			outputFileListPaths = (
			);
			outputPaths = (
				"$(DERIVED_FILE_DIR)/Pods-VK Client-checkManifestLockResult.txt",
			);
			runOnlyForDeploymentPostprocessing = 0;
			shellPath = /bin/sh;
			shellScript = "diff \"${PODS_PODFILE_DIR_PATH}/Podfile.lock\" \"${PODS_ROOT}/Manifest.lock\" > /dev/null\nif [ $? != 0 ] ; then\n    # print error to STDERR\n    echo \"error: The sandbox is not in sync with the Podfile.lock. Run 'pod install' or update your CocoaPods installation.\" >&2\n    exit 1\nfi\n# This output is used by Xcode 'outputs' to avoid re-running this script phase.\necho \"SUCCESS\" > \"${SCRIPT_OUTPUT_FILE_0}\"\n";
			showEnvVarsInLog = 0;
		};
		A4DB1AE715E71EEC9D7792D3 /* [CP] Check Pods Manifest.lock */ = {
			isa = PBXShellScriptBuildPhase;
			buildActionMask = 2147483647;
			files = (
			);
			inputFileListPaths = (
			);
			inputPaths = (
				"${PODS_PODFILE_DIR_PATH}/Podfile.lock",
				"${PODS_ROOT}/Manifest.lock",
			);
			name = "[CP] Check Pods Manifest.lock";
			outputFileListPaths = (
			);
			outputPaths = (
				"$(DERIVED_FILE_DIR)/Pods-VK Client-VK ClientUITests-checkManifestLockResult.txt",
			);
			runOnlyForDeploymentPostprocessing = 0;
			shellPath = /bin/sh;
			shellScript = "diff \"${PODS_PODFILE_DIR_PATH}/Podfile.lock\" \"${PODS_ROOT}/Manifest.lock\" > /dev/null\nif [ $? != 0 ] ; then\n    # print error to STDERR\n    echo \"error: The sandbox is not in sync with the Podfile.lock. Run 'pod install' or update your CocoaPods installation.\" >&2\n    exit 1\nfi\n# This output is used by Xcode 'outputs' to avoid re-running this script phase.\necho \"SUCCESS\" > \"${SCRIPT_OUTPUT_FILE_0}\"\n";
			showEnvVarsInLog = 0;
		};
		CC2BF62E49CC8E78A8C5CBAE /* [CP] Embed Pods Frameworks */ = {
			isa = PBXShellScriptBuildPhase;
			buildActionMask = 2147483647;
			files = (
			);
			inputFileListPaths = (
				"${PODS_ROOT}/Target Support Files/Pods-VK Client/Pods-VK Client-frameworks-${CONFIGURATION}-input-files.xcfilelist",
			);
			name = "[CP] Embed Pods Frameworks";
			outputFileListPaths = (
				"${PODS_ROOT}/Target Support Files/Pods-VK Client/Pods-VK Client-frameworks-${CONFIGURATION}-output-files.xcfilelist",
			);
			runOnlyForDeploymentPostprocessing = 0;
			shellPath = /bin/sh;
			shellScript = "\"${PODS_ROOT}/Target Support Files/Pods-VK Client/Pods-VK Client-frameworks.sh\"\n";
			showEnvVarsInLog = 0;
		};
		E83F3A5E3EE768F9A4F66D81 /* [CP] Embed Pods Frameworks */ = {
			isa = PBXShellScriptBuildPhase;
			buildActionMask = 2147483647;
			files = (
			);
			inputFileListPaths = (
				"${PODS_ROOT}/Target Support Files/Pods-VK Client-VK ClientUITests/Pods-VK Client-VK ClientUITests-frameworks-${CONFIGURATION}-input-files.xcfilelist",
			);
			name = "[CP] Embed Pods Frameworks";
			outputFileListPaths = (
				"${PODS_ROOT}/Target Support Files/Pods-VK Client-VK ClientUITests/Pods-VK Client-VK ClientUITests-frameworks-${CONFIGURATION}-output-files.xcfilelist",
			);
			runOnlyForDeploymentPostprocessing = 0;
			shellPath = /bin/sh;
			shellScript = "\"${PODS_ROOT}/Target Support Files/Pods-VK Client-VK ClientUITests/Pods-VK Client-VK ClientUITests-frameworks.sh\"\n";
			showEnvVarsInLog = 0;
		};
/* End PBXShellScriptBuildPhase section */

/* Begin PBXSourcesBuildPhase section */
		02496D0C266D40A1001E225B /* Sources */ = {
			isa = PBXSourcesBuildPhase;
			buildActionMask = 2147483647;
			files = (
				02B9555D26A4A55E00DABB64 /* NewsModell.swift in Sources */,
				02496D4C266D55D3001E225B /* Session.swift in Sources */,
				02B9555026988C2400DABB64 /* UtilityTableViewCell.swift in Sources */,
				02496D47266D4660001E225B /* FriendsViewController.swift in Sources */,
				02B9555426988C3C00DABB64 /* ImageTableViewCell.swift in Sources */,
				02496D4E266D5B46001E225B /* APIServices.swift in Sources */,
				02496D53266D61C2001E225B /* Friends.swift in Sources */,
				02D60505268BB1BA00DC3C3D /* FBUserModel.swift in Sources */,
				02496D58266F632F001E225B /* GroupsViewController.swift in Sources */,
				02496D50266D5C56001E225B /* Data+PrettyJSON.swift in Sources */,
				025297AB274979850047588F /* SeparatorTableViewCell.swift in Sources */,
				0275F4A2267E738C003EE464 /* DataBaseService.swift in Sources */,
				0210335C2757EB440013897B /* FriendsOperations.swift in Sources */,
				02B9554326988A6200DABB64 /* NewsTableViewController.swift in Sources */,
				02496D18266D40A1001E225B /* AuthViewController.swift in Sources */,
				02D60503268BB14200DC3C3D /* FBGroupsModel.swift in Sources */,
				02496D14266D40A1001E225B /* AppDelegate.swift in Sources */,
				02D2428F26B7263F00EB65F1 /* NetworkOperations.swift in Sources */,
				02496D16266D40A1001E225B /* SceneDelegate.swift in Sources */,
				02B9554C26988BFF00DABB64 /* TextTableViewCell.swift in Sources */,
				02496D692671F9E1001E225B /* CustomPhotoCollectionViewCell.swift in Sources */,
				02496D56266F585E001E225B /* Groups.swift in Sources */,
				02B9554726988BCE00DABB64 /* SourceTableViewCell.swift in Sources */,
				02496D5D2670A9AA001E225B /* UserPhoto.swift in Sources */,
				02496D652670FE67001E225B /* UserPhotosCollectionViewController.swift in Sources */,
			);
			runOnlyForDeploymentPostprocessing = 0;
		};
		02496D22266D40A2001E225B /* Sources */ = {
			isa = PBXSourcesBuildPhase;
			buildActionMask = 2147483647;
			files = (
				02496D2B266D40A2001E225B /* VK_ClientTests.swift in Sources */,
			);
			runOnlyForDeploymentPostprocessing = 0;
		};
		02496D2D266D40A2001E225B /* Sources */ = {
			isa = PBXSourcesBuildPhase;
			buildActionMask = 2147483647;
			files = (
				02496D36266D40A2001E225B /* VK_ClientUITests.swift in Sources */,
			);
			runOnlyForDeploymentPostprocessing = 0;
		};
/* End PBXSourcesBuildPhase section */

/* Begin PBXTargetDependency section */
		02496D28266D40A2001E225B /* PBXTargetDependency */ = {
			isa = PBXTargetDependency;
			target = 02496D0F266D40A1001E225B /* VK Client */;
			targetProxy = 02496D27266D40A2001E225B /* PBXContainerItemProxy */;
		};
		02496D33266D40A2001E225B /* PBXTargetDependency */ = {
			isa = PBXTargetDependency;
			target = 02496D0F266D40A1001E225B /* VK Client */;
			targetProxy = 02496D32266D40A2001E225B /* PBXContainerItemProxy */;
		};
/* End PBXTargetDependency section */

/* Begin PBXVariantGroup section */
		02496D19266D40A1001E225B /* Main.storyboard */ = {
			isa = PBXVariantGroup;
			children = (
				02496D1A266D40A1001E225B /* Base */,
			);
			name = Main.storyboard;
			sourceTree = "<group>";
		};
		02496D1E266D40A2001E225B /* LaunchScreen.storyboard */ = {
			isa = PBXVariantGroup;
			children = (
				02496D1F266D40A2001E225B /* Base */,
			);
			name = LaunchScreen.storyboard;
			sourceTree = "<group>";
		};
/* End PBXVariantGroup section */

/* Begin XCBuildConfiguration section */
		02496D38266D40A2001E225B /* Debug */ = {
			isa = XCBuildConfiguration;
			buildSettings = {
				ALWAYS_SEARCH_USER_PATHS = NO;
				CLANG_ANALYZER_NONNULL = YES;
				CLANG_ANALYZER_NUMBER_OBJECT_CONVERSION = YES_AGGRESSIVE;
				CLANG_CXX_LANGUAGE_STANDARD = "gnu++14";
				CLANG_CXX_LIBRARY = "libc++";
				CLANG_ENABLE_MODULES = YES;
				CLANG_ENABLE_OBJC_ARC = YES;
				CLANG_ENABLE_OBJC_WEAK = YES;
				CLANG_WARN_BLOCK_CAPTURE_AUTORELEASING = YES;
				CLANG_WARN_BOOL_CONVERSION = YES;
				CLANG_WARN_COMMA = YES;
				CLANG_WARN_CONSTANT_CONVERSION = YES;
				CLANG_WARN_DEPRECATED_OBJC_IMPLEMENTATIONS = YES;
				CLANG_WARN_DIRECT_OBJC_ISA_USAGE = YES_ERROR;
				CLANG_WARN_DOCUMENTATION_COMMENTS = YES;
				CLANG_WARN_EMPTY_BODY = YES;
				CLANG_WARN_ENUM_CONVERSION = YES;
				CLANG_WARN_INFINITE_RECURSION = YES;
				CLANG_WARN_INT_CONVERSION = YES;
				CLANG_WARN_NON_LITERAL_NULL_CONVERSION = YES;
				CLANG_WARN_OBJC_IMPLICIT_RETAIN_SELF = YES;
				CLANG_WARN_OBJC_LITERAL_CONVERSION = YES;
				CLANG_WARN_OBJC_ROOT_CLASS = YES_ERROR;
				CLANG_WARN_QUOTED_INCLUDE_IN_FRAMEWORK_HEADER = YES;
				CLANG_WARN_RANGE_LOOP_ANALYSIS = YES;
				CLANG_WARN_STRICT_PROTOTYPES = YES;
				CLANG_WARN_SUSPICIOUS_MOVE = YES;
				CLANG_WARN_UNGUARDED_AVAILABILITY = YES_AGGRESSIVE;
				CLANG_WARN_UNREACHABLE_CODE = YES;
				CLANG_WARN__DUPLICATE_METHOD_MATCH = YES;
				COPY_PHASE_STRIP = NO;
				DEBUG_INFORMATION_FORMAT = dwarf;
				ENABLE_STRICT_OBJC_MSGSEND = YES;
				ENABLE_TESTABILITY = YES;
				GCC_C_LANGUAGE_STANDARD = gnu11;
				GCC_DYNAMIC_NO_PIC = NO;
				GCC_NO_COMMON_BLOCKS = YES;
				GCC_OPTIMIZATION_LEVEL = 0;
				GCC_PREPROCESSOR_DEFINITIONS = (
					"DEBUG=1",
					"$(inherited)",
				);
				GCC_WARN_64_TO_32_BIT_CONVERSION = YES;
				GCC_WARN_ABOUT_RETURN_TYPE = YES_ERROR;
				GCC_WARN_UNDECLARED_SELECTOR = YES;
				GCC_WARN_UNINITIALIZED_AUTOS = YES_AGGRESSIVE;
				GCC_WARN_UNUSED_FUNCTION = YES;
				GCC_WARN_UNUSED_VARIABLE = YES;
				IPHONEOS_DEPLOYMENT_TARGET = 14.5;
				MTL_ENABLE_DEBUG_INFO = INCLUDE_SOURCE;
				MTL_FAST_MATH = YES;
				ONLY_ACTIVE_ARCH = YES;
				SDKROOT = iphoneos;
				SWIFT_ACTIVE_COMPILATION_CONDITIONS = DEBUG;
				SWIFT_OPTIMIZATION_LEVEL = "-Onone";
			};
			name = Debug;
		};
		02496D39266D40A2001E225B /* Release */ = {
			isa = XCBuildConfiguration;
			buildSettings = {
				ALWAYS_SEARCH_USER_PATHS = NO;
				CLANG_ANALYZER_NONNULL = YES;
				CLANG_ANALYZER_NUMBER_OBJECT_CONVERSION = YES_AGGRESSIVE;
				CLANG_CXX_LANGUAGE_STANDARD = "gnu++14";
				CLANG_CXX_LIBRARY = "libc++";
				CLANG_ENABLE_MODULES = YES;
				CLANG_ENABLE_OBJC_ARC = YES;
				CLANG_ENABLE_OBJC_WEAK = YES;
				CLANG_WARN_BLOCK_CAPTURE_AUTORELEASING = YES;
				CLANG_WARN_BOOL_CONVERSION = YES;
				CLANG_WARN_COMMA = YES;
				CLANG_WARN_CONSTANT_CONVERSION = YES;
				CLANG_WARN_DEPRECATED_OBJC_IMPLEMENTATIONS = YES;
				CLANG_WARN_DIRECT_OBJC_ISA_USAGE = YES_ERROR;
				CLANG_WARN_DOCUMENTATION_COMMENTS = YES;
				CLANG_WARN_EMPTY_BODY = YES;
				CLANG_WARN_ENUM_CONVERSION = YES;
				CLANG_WARN_INFINITE_RECURSION = YES;
				CLANG_WARN_INT_CONVERSION = YES;
				CLANG_WARN_NON_LITERAL_NULL_CONVERSION = YES;
				CLANG_WARN_OBJC_IMPLICIT_RETAIN_SELF = YES;
				CLANG_WARN_OBJC_LITERAL_CONVERSION = YES;
				CLANG_WARN_OBJC_ROOT_CLASS = YES_ERROR;
				CLANG_WARN_QUOTED_INCLUDE_IN_FRAMEWORK_HEADER = YES;
				CLANG_WARN_RANGE_LOOP_ANALYSIS = YES;
				CLANG_WARN_STRICT_PROTOTYPES = YES;
				CLANG_WARN_SUSPICIOUS_MOVE = YES;
				CLANG_WARN_UNGUARDED_AVAILABILITY = YES_AGGRESSIVE;
				CLANG_WARN_UNREACHABLE_CODE = YES;
				CLANG_WARN__DUPLICATE_METHOD_MATCH = YES;
				COPY_PHASE_STRIP = NO;
				DEBUG_INFORMATION_FORMAT = "dwarf-with-dsym";
				ENABLE_NS_ASSERTIONS = NO;
				ENABLE_STRICT_OBJC_MSGSEND = YES;
				GCC_C_LANGUAGE_STANDARD = gnu11;
				GCC_NO_COMMON_BLOCKS = YES;
				GCC_WARN_64_TO_32_BIT_CONVERSION = YES;
				GCC_WARN_ABOUT_RETURN_TYPE = YES_ERROR;
				GCC_WARN_UNDECLARED_SELECTOR = YES;
				GCC_WARN_UNINITIALIZED_AUTOS = YES_AGGRESSIVE;
				GCC_WARN_UNUSED_FUNCTION = YES;
				GCC_WARN_UNUSED_VARIABLE = YES;
				IPHONEOS_DEPLOYMENT_TARGET = 14.5;
				MTL_ENABLE_DEBUG_INFO = NO;
				MTL_FAST_MATH = YES;
				SDKROOT = iphoneos;
				SWIFT_COMPILATION_MODE = wholemodule;
				SWIFT_OPTIMIZATION_LEVEL = "-O";
				VALIDATE_PRODUCT = YES;
			};
			name = Release;
		};
		02496D3B266D40A2001E225B /* Debug */ = {
			isa = XCBuildConfiguration;
			baseConfigurationReference = 5B8605BCCEADAB313D4321F3 /* Pods-VK Client.debug.xcconfig */;
			buildSettings = {
				ASSETCATALOG_COMPILER_APPICON_NAME = AppIcon;
				ASSETCATALOG_COMPILER_GLOBAL_ACCENT_COLOR_NAME = AccentColor;
				CODE_SIGN_ENTITLEMENTS = "VK Client/VK Client.entitlements";
				CODE_SIGN_STYLE = Automatic;
				DEVELOPMENT_TEAM = LPLF87N9KX;
				INFOPLIST_FILE = "$(SRCROOT)/VK Client/Recources/Info.plist";
				LD_RUNPATH_SEARCH_PATHS = (
					"$(inherited)",
					"@executable_path/Frameworks",
				);
				PRODUCT_BUNDLE_IDENTIFIER = "geekbrains.VK-Client";
				PRODUCT_NAME = "$(TARGET_NAME)";
				SUPPORTS_MACCATALYST = NO;
				SWIFT_VERSION = 5.0;
				TARGETED_DEVICE_FAMILY = "1,2";
			};
			name = Debug;
		};
		02496D3C266D40A2001E225B /* Release */ = {
			isa = XCBuildConfiguration;
			baseConfigurationReference = E6DBA0BBC696BB21F6BB385D /* Pods-VK Client.release.xcconfig */;
			buildSettings = {
				ASSETCATALOG_COMPILER_APPICON_NAME = AppIcon;
				ASSETCATALOG_COMPILER_GLOBAL_ACCENT_COLOR_NAME = AccentColor;
				CODE_SIGN_ENTITLEMENTS = "VK Client/VK Client.entitlements";
				CODE_SIGN_STYLE = Automatic;
				DEVELOPMENT_TEAM = LPLF87N9KX;
				INFOPLIST_FILE = "$(SRCROOT)/VK Client/Recources/Info.plist";
				LD_RUNPATH_SEARCH_PATHS = (
					"$(inherited)",
					"@executable_path/Frameworks",
				);
				PRODUCT_BUNDLE_IDENTIFIER = "geekbrains.VK-Client";
				PRODUCT_NAME = "$(TARGET_NAME)";
				SUPPORTS_MACCATALYST = NO;
				SWIFT_VERSION = 5.0;
				TARGETED_DEVICE_FAMILY = "1,2";
			};
			name = Release;
		};
		02496D3E266D40A2001E225B /* Debug */ = {
			isa = XCBuildConfiguration;
			baseConfigurationReference = CC8A7E47D544E7B871BE284B /* Pods-VK ClientTests.debug.xcconfig */;
			buildSettings = {
				ALWAYS_EMBED_SWIFT_STANDARD_LIBRARIES = YES;
				BUNDLE_LOADER = "$(TEST_HOST)";
				CODE_SIGN_STYLE = Automatic;
				DEVELOPMENT_TEAM = LPLF87N9KX;
				INFOPLIST_FILE = "VK ClientTests/Info.plist";
				IPHONEOS_DEPLOYMENT_TARGET = 14.5;
				LD_RUNPATH_SEARCH_PATHS = (
					"$(inherited)",
					"@executable_path/Frameworks",
					"@loader_path/Frameworks",
				);
				PRODUCT_BUNDLE_IDENTIFIER = "geekbrains.VK-ClientTests";
				PRODUCT_NAME = "$(TARGET_NAME)";
				SWIFT_VERSION = 5.0;
				TARGETED_DEVICE_FAMILY = "1,2";
				TEST_HOST = "$(BUILT_PRODUCTS_DIR)/VK Client.app/VK Client";
			};
			name = Debug;
		};
		02496D3F266D40A2001E225B /* Release */ = {
			isa = XCBuildConfiguration;
			baseConfigurationReference = 08EC1D213F6E6DA0976343E4 /* Pods-VK ClientTests.release.xcconfig */;
			buildSettings = {
				ALWAYS_EMBED_SWIFT_STANDARD_LIBRARIES = YES;
				BUNDLE_LOADER = "$(TEST_HOST)";
				CODE_SIGN_STYLE = Automatic;
				DEVELOPMENT_TEAM = LPLF87N9KX;
				INFOPLIST_FILE = "VK ClientTests/Info.plist";
				IPHONEOS_DEPLOYMENT_TARGET = 14.5;
				LD_RUNPATH_SEARCH_PATHS = (
					"$(inherited)",
					"@executable_path/Frameworks",
					"@loader_path/Frameworks",
				);
				PRODUCT_BUNDLE_IDENTIFIER = "geekbrains.VK-ClientTests";
				PRODUCT_NAME = "$(TARGET_NAME)";
				SWIFT_VERSION = 5.0;
				TARGETED_DEVICE_FAMILY = "1,2";
				TEST_HOST = "$(BUILT_PRODUCTS_DIR)/VK Client.app/VK Client";
			};
			name = Release;
		};
		02496D41266D40A2001E225B /* Debug */ = {
			isa = XCBuildConfiguration;
			baseConfigurationReference = AA4B3F73A1EE5485A41E3C97 /* Pods-VK Client-VK ClientUITests.debug.xcconfig */;
			buildSettings = {
				ALWAYS_EMBED_SWIFT_STANDARD_LIBRARIES = YES;
				CODE_SIGN_STYLE = Automatic;
				DEVELOPMENT_TEAM = LPLF87N9KX;
				INFOPLIST_FILE = "VK ClientUITests/Info.plist";
				LD_RUNPATH_SEARCH_PATHS = (
					"$(inherited)",
					"@executable_path/Frameworks",
					"@loader_path/Frameworks",
				);
				PRODUCT_BUNDLE_IDENTIFIER = "geekbrains.VK-ClientUITests";
				PRODUCT_NAME = "$(TARGET_NAME)";
				SWIFT_VERSION = 5.0;
				TARGETED_DEVICE_FAMILY = "1,2";
				TEST_TARGET_NAME = "VK Client";
			};
			name = Debug;
		};
		02496D42266D40A2001E225B /* Release */ = {
			isa = XCBuildConfiguration;
			baseConfigurationReference = 6EE16E47528BB183E94150F9 /* Pods-VK Client-VK ClientUITests.release.xcconfig */;
			buildSettings = {
				ALWAYS_EMBED_SWIFT_STANDARD_LIBRARIES = YES;
				CODE_SIGN_STYLE = Automatic;
				DEVELOPMENT_TEAM = LPLF87N9KX;
				INFOPLIST_FILE = "VK ClientUITests/Info.plist";
				LD_RUNPATH_SEARCH_PATHS = (
					"$(inherited)",
					"@executable_path/Frameworks",
					"@loader_path/Frameworks",
				);
				PRODUCT_BUNDLE_IDENTIFIER = "geekbrains.VK-ClientUITests";
				PRODUCT_NAME = "$(TARGET_NAME)";
				SWIFT_VERSION = 5.0;
				TARGETED_DEVICE_FAMILY = "1,2";
				TEST_TARGET_NAME = "VK Client";
			};
			name = Release;
		};
/* End XCBuildConfiguration section */

/* Begin XCConfigurationList section */
		02496D0B266D40A1001E225B /* Build configuration list for PBXProject "VK Client" */ = {
			isa = XCConfigurationList;
			buildConfigurations = (
				02496D38266D40A2001E225B /* Debug */,
				02496D39266D40A2001E225B /* Release */,
			);
			defaultConfigurationIsVisible = 0;
			defaultConfigurationName = Release;
		};
		02496D3A266D40A2001E225B /* Build configuration list for PBXNativeTarget "VK Client" */ = {
			isa = XCConfigurationList;
			buildConfigurations = (
				02496D3B266D40A2001E225B /* Debug */,
				02496D3C266D40A2001E225B /* Release */,
			);
			defaultConfigurationIsVisible = 0;
			defaultConfigurationName = Release;
		};
		02496D3D266D40A2001E225B /* Build configuration list for PBXNativeTarget "VK ClientTests" */ = {
			isa = XCConfigurationList;
			buildConfigurations = (
				02496D3E266D40A2001E225B /* Debug */,
				02496D3F266D40A2001E225B /* Release */,
			);
			defaultConfigurationIsVisible = 0;
			defaultConfigurationName = Release;
		};
		02496D40266D40A2001E225B /* Build configuration list for PBXNativeTarget "VK ClientUITests" */ = {
			isa = XCConfigurationList;
			buildConfigurations = (
				02496D41266D40A2001E225B /* Debug */,
				02496D42266D40A2001E225B /* Release */,
			);
			defaultConfigurationIsVisible = 0;
			defaultConfigurationName = Release;
		};
/* End XCConfigurationList section */
	};
	rootObject = 02496D08266D40A1001E225B /* Project object */;
}
